
Microsoft Visual Studio Solution File, Format Version 12.00
# Visual Studio 14
VisualStudioVersion = 14.0.25420.1
MinimumVisualStudioVersion = 10.0.40219.1
Project("{FAE04EC0-301F-11D3-BF4B-00C04F79EFBC}") = "UsuarioApp", "UsuarioApp\UsuarioApp\UsuarioApp.csproj", "{89EC2246-390C-41D8-8351-D2CC27116318}"
EndProject
Project("{FAE04EC0-301F-11D3-BF4B-00C04F79EFBC}") = "UsuarioApp.Droid", "UsuarioApp\UsuarioApp.Droid\UsuarioApp.Droid.csproj", "{283DE41B-CC0E-449E-9A27-EBCE61B59051}"
EndProject
Project("{FAE04EC0-301F-11D3-BF4B-00C04F79EFBC}") = "UsuarioApp.iOS", "UsuarioApp\UsuarioApp.iOS\UsuarioApp.iOS.csproj", "{84922573-910C-4782-92EB-6D0B327B0849}"
EndProject
Project("{FAE04EC0-301F-11D3-BF4B-00C04F79EFBC}") = "UsuarioApp.WinPhone", "UsuarioApp\UsuarioApp.WinPhone\UsuarioApp.WinPhone.csproj", "{13635EF5-C00F-4853-8D06-D6EFB287964C}"
EndProject
Project("{FAE04EC0-301F-11D3-BF4B-00C04F79EFBC}") = "UsuarioApp.Windows", "UsuarioApp\UsuarioApp.Windows\UsuarioApp.Windows.csproj", "{4B8916A1-FE20-45DE-8A7D-D80657A7C620}"
EndProject
Global
	GlobalSection(SolutionConfigurationPlatforms) = preSolution
		Ad-Hoc|Any CPU = Ad-Hoc|Any CPU
		Ad-Hoc|ARM = Ad-Hoc|ARM
		Ad-Hoc|iPhone = Ad-Hoc|iPhone
		Ad-Hoc|iPhoneSimulator = Ad-Hoc|iPhoneSimulator
		Ad-Hoc|x64 = Ad-Hoc|x64
		Ad-Hoc|x86 = Ad-Hoc|x86
		AppStore|Any CPU = AppStore|Any CPU
		AppStore|ARM = AppStore|ARM
		AppStore|iPhone = AppStore|iPhone
		AppStore|iPhoneSimulator = AppStore|iPhoneSimulator
		AppStore|x64 = AppStore|x64
		AppStore|x86 = AppStore|x86
		Debug|Any CPU = Debug|Any CPU
		Debug|ARM = Debug|ARM
		Debug|iPhone = Debug|iPhone
		Debug|iPhoneSimulator = Debug|iPhoneSimulator
		Debug|x64 = Debug|x64
		Debug|x86 = Debug|x86
		Release|Any CPU = Release|Any CPU
		Release|ARM = Release|ARM
		Release|iPhone = Release|iPhone
		Release|iPhoneSimulator = Release|iPhoneSimulator
		Release|x64 = Release|x64
		Release|x86 = Release|x86
	EndGlobalSection
	GlobalSection(ProjectConfigurationPlatforms) = postSolution
		{89EC2246-390C-41D8-8351-D2CC27116318}.Ad-Hoc|Any CPU.ActiveCfg = Release|Any CPU
		{89EC2246-390C-41D8-8351-D2CC27116318}.Ad-Hoc|Any CPU.Build.0 = Release|Any CPU
		{89EC2246-390C-41D8-8351-D2CC27116318}.Ad-Hoc|ARM.ActiveCfg = Release|Any CPU
		{89EC2246-390C-41D8-8351-D2CC27116318}.Ad-Hoc|ARM.Build.0 = Release|Any CPU
		{89EC2246-390C-41D8-8351-D2CC27116318}.Ad-Hoc|iPhone.ActiveCfg = Release|Any CPU
		{89EC2246-390C-41D8-8351-D2CC27116318}.Ad-Hoc|iPhone.Build.0 = Release|Any CPU
		{89EC2246-390C-41D8-8351-D2CC27116318}.Ad-Hoc|iPhoneSimulator.ActiveCfg = Release|Any CPU
		{89EC2246-390C-41D8-8351-D2CC27116318}.Ad-Hoc|iPhoneSimulator.Build.0 = Release|Any CPU
		{89EC2246-390C-41D8-8351-D2CC27116318}.Ad-Hoc|x64.ActiveCfg = Release|Any CPU
		{89EC2246-390C-41D8-8351-D2CC27116318}.Ad-Hoc|x64.Build.0 = Release|Any CPU
		{89EC2246-390C-41D8-8351-D2CC27116318}.Ad-Hoc|x86.ActiveCfg = Release|Any CPU
		{89EC2246-390C-41D8-8351-D2CC27116318}.Ad-Hoc|x86.Build.0 = Release|Any CPU
		{89EC2246-390C-41D8-8351-D2CC27116318}.AppStore|Any CPU.ActiveCfg = Release|Any CPU
		{89EC2246-390C-41D8-8351-D2CC27116318}.AppStore|Any CPU.Build.0 = Release|Any CPU
		{89EC2246-390C-41D8-8351-D2CC27116318}.AppStore|ARM.ActiveCfg = Release|Any CPU
		{89EC2246-390C-41D8-8351-D2CC27116318}.AppStore|ARM.Build.0 = Release|Any CPU
		{89EC2246-390C-41D8-8351-D2CC27116318}.AppStore|iPhone.ActiveCfg = Release|Any CPU
		{89EC2246-390C-41D8-8351-D2CC27116318}.AppStore|iPhone.Build.0 = Release|Any CPU
		{89EC2246-390C-41D8-8351-D2CC27116318}.AppStore|iPhoneSimulator.ActiveCfg = Release|Any CPU
		{89EC2246-390C-41D8-8351-D2CC27116318}.AppStore|iPhoneSimulator.Build.0 = Release|Any CPU
		{89EC2246-390C-41D8-8351-D2CC27116318}.AppStore|x64.ActiveCfg = Release|Any CPU
		{89EC2246-390C-41D8-8351-D2CC27116318}.AppStore|x64.Build.0 = Release|Any CPU
		{89EC2246-390C-41D8-8351-D2CC27116318}.AppStore|x86.ActiveCfg = Release|Any CPU
		{89EC2246-390C-41D8-8351-D2CC27116318}.AppStore|x86.Build.0 = Release|Any CPU
		{89EC2246-390C-41D8-8351-D2CC27116318}.Debug|Any CPU.ActiveCfg = Debug|Any CPU
		{89EC2246-390C-41D8-8351-D2CC27116318}.Debug|Any CPU.Build.0 = Debug|Any CPU
		{89EC2246-390C-41D8-8351-D2CC27116318}.Debug|ARM.ActiveCfg = Debug|Any CPU
		{89EC2246-390C-41D8-8351-D2CC27116318}.Debug|ARM.Build.0 = Debug|Any CPU
		{89EC2246-390C-41D8-8351-D2CC27116318}.Debug|iPhone.ActiveCfg = Debug|Any CPU
		{89EC2246-390C-41D8-8351-D2CC27116318}.Debug|iPhone.Build.0 = Debug|Any CPU
		{89EC2246-390C-41D8-8351-D2CC27116318}.Debug|iPhoneSimulator.ActiveCfg = Debug|Any CPU
		{89EC2246-390C-41D8-8351-D2CC27116318}.Debug|iPhoneSimulator.Build.0 = Debug|Any CPU
		{89EC2246-390C-41D8-8351-D2CC27116318}.Debug|x64.ActiveCfg = Debug|Any CPU
		{89EC2246-390C-41D8-8351-D2CC27116318}.Debug|x64.Build.0 = Debug|Any CPU
		{89EC2246-390C-41D8-8351-D2CC27116318}.Debug|x86.ActiveCfg = Debug|Any CPU
		{89EC2246-390C-41D8-8351-D2CC27116318}.Debug|x86.Build.0 = Debug|Any CPU
		{89EC2246-390C-41D8-8351-D2CC27116318}.Release|Any CPU.ActiveCfg = Release|Any CPU
		{89EC2246-390C-41D8-8351-D2CC27116318}.Release|Any CPU.Build.0 = Release|Any CPU
		{89EC2246-390C-41D8-8351-D2CC27116318}.Release|ARM.ActiveCfg = Release|Any CPU
		{89EC2246-390C-41D8-8351-D2CC27116318}.Release|ARM.Build.0 = Release|Any CPU
		{89EC2246-390C-41D8-8351-D2CC27116318}.Release|iPhone.ActiveCfg = Release|Any CPU
		{89EC2246-390C-41D8-8351-D2CC27116318}.Release|iPhone.Build.0 = Release|Any CPU
		{89EC2246-390C-41D8-8351-D2CC27116318}.Release|iPhoneSimulator.ActiveCfg = Release|Any CPU
		{89EC2246-390C-41D8-8351-D2CC27116318}.Release|iPhoneSimulator.Build.0 = Release|Any CPU
		{89EC2246-390C-41D8-8351-D2CC27116318}.Release|x64.ActiveCfg = Release|Any CPU
		{89EC2246-390C-41D8-8351-D2CC27116318}.Release|x64.Build.0 = Release|Any CPU
		{89EC2246-390C-41D8-8351-D2CC27116318}.Release|x86.ActiveCfg = Release|Any CPU
		{89EC2246-390C-41D8-8351-D2CC27116318}.Release|x86.Build.0 = Release|Any CPU
		{283DE41B-CC0E-449E-9A27-EBCE61B59051}.Ad-Hoc|Any CPU.ActiveCfg = Release|Any CPU
		{283DE41B-CC0E-449E-9A27-EBCE61B59051}.Ad-Hoc|Any CPU.Build.0 = Release|Any CPU
		{283DE41B-CC0E-449E-9A27-EBCE61B59051}.Ad-Hoc|Any CPU.Deploy.0 = Release|Any CPU
		{283DE41B-CC0E-449E-9A27-EBCE61B59051}.Ad-Hoc|ARM.ActiveCfg = Release|Any CPU
		{283DE41B-CC0E-449E-9A27-EBCE61B59051}.Ad-Hoc|ARM.Build.0 = Release|Any CPU
		{283DE41B-CC0E-449E-9A27-EBCE61B59051}.Ad-Hoc|ARM.Deploy.0 = Release|Any CPU
		{283DE41B-CC0E-449E-9A27-EBCE61B59051}.Ad-Hoc|iPhone.ActiveCfg = Release|Any CPU
		{283DE41B-CC0E-449E-9A27-EBCE61B59051}.Ad-Hoc|iPhone.Build.0 = Release|Any CPU
		{283DE41B-CC0E-449E-9A27-EBCE61B59051}.Ad-Hoc|iPhone.Deploy.0 = Release|Any CPU
		{283DE41B-CC0E-449E-9A27-EBCE61B59051}.Ad-Hoc|iPhoneSimulator.ActiveCfg = Release|Any CPU
		{283DE41B-CC0E-449E-9A27-EBCE61B59051}.Ad-Hoc|iPhoneSimulator.Build.0 = Release|Any CPU
		{283DE41B-CC0E-449E-9A27-EBCE61B59051}.Ad-Hoc|iPhoneSimulator.Deploy.0 = Release|Any CPU
		{283DE41B-CC0E-449E-9A27-EBCE61B59051}.Ad-Hoc|x64.ActiveCfg = Release|Any CPU
		{283DE41B-CC0E-449E-9A27-EBCE61B59051}.Ad-Hoc|x64.Build.0 = Release|Any CPU
		{283DE41B-CC0E-449E-9A27-EBCE61B59051}.Ad-Hoc|x64.Deploy.0 = Release|Any CPU
		{283DE41B-CC0E-449E-9A27-EBCE61B59051}.Ad-Hoc|x86.ActiveCfg = Release|Any CPU
		{283DE41B-CC0E-449E-9A27-EBCE61B59051}.Ad-Hoc|x86.Build.0 = Release|Any CPU
		{283DE41B-CC0E-449E-9A27-EBCE61B59051}.Ad-Hoc|x86.Deploy.0 = Release|Any CPU
		{283DE41B-CC0E-449E-9A27-EBCE61B59051}.AppStore|Any CPU.ActiveCfg = Release|Any CPU
		{283DE41B-CC0E-449E-9A27-EBCE61B59051}.AppStore|Any CPU.Build.0 = Release|Any CPU
		{283DE41B-CC0E-449E-9A27-EBCE61B59051}.AppStore|Any CPU.Deploy.0 = Release|Any CPU
		{283DE41B-CC0E-449E-9A27-EBCE61B59051}.AppStore|ARM.ActiveCfg = Release|Any CPU
		{283DE41B-CC0E-449E-9A27-EBCE61B59051}.AppStore|ARM.Build.0 = Release|Any CPU
		{283DE41B-CC0E-449E-9A27-EBCE61B59051}.AppStore|ARM.Deploy.0 = Release|Any CPU
		{283DE41B-CC0E-449E-9A27-EBCE61B59051}.AppStore|iPhone.ActiveCfg = Release|Any CPU
		{283DE41B-CC0E-449E-9A27-EBCE61B59051}.AppStore|iPhone.Build.0 = Release|Any CPU
		{283DE41B-CC0E-449E-9A27-EBCE61B59051}.AppStore|iPhone.Deploy.0 = Release|Any CPU
		{283DE41B-CC0E-449E-9A27-EBCE61B59051}.AppStore|iPhoneSimulator.ActiveCfg = Release|Any CPU
		{283DE41B-CC0E-449E-9A27-EBCE61B59051}.AppStore|iPhoneSimulator.Build.0 = Release|Any CPU
		{283DE41B-CC0E-449E-9A27-EBCE61B59051}.AppStore|iPhoneSimulator.Deploy.0 = Release|Any CPU
		{283DE41B-CC0E-449E-9A27-EBCE61B59051}.AppStore|x64.ActiveCfg = Release|Any CPU
		{283DE41B-CC0E-449E-9A27-EBCE61B59051}.AppStore|x64.Build.0 = Release|Any CPU
		{283DE41B-CC0E-449E-9A27-EBCE61B59051}.AppStore|x64.Deploy.0 = Release|Any CPU
		{283DE41B-CC0E-449E-9A27-EBCE61B59051}.AppStore|x86.ActiveCfg = Release|Any CPU
		{283DE41B-CC0E-449E-9A27-EBCE61B59051}.AppStore|x86.Build.0 = Release|Any CPU
		{283DE41B-CC0E-449E-9A27-EBCE61B59051}.AppStore|x86.Deploy.0 = Release|Any CPU
		{283DE41B-CC0E-449E-9A27-EBCE61B59051}.Debug|Any CPU.ActiveCfg = Debug|Any CPU
		{283DE41B-CC0E-449E-9A27-EBCE61B59051}.Debug|Any CPU.Build.0 = Debug|Any CPU
		{283DE41B-CC0E-449E-9A27-EBCE61B59051}.Debug|Any CPU.Deploy.0 = Debug|Any CPU
		{283DE41B-CC0E-449E-9A27-EBCE61B59051}.Debug|ARM.ActiveCfg = Debug|Any CPU
		{283DE41B-CC0E-449E-9A27-EBCE61B59051}.Debug|ARM.Build.0 = Debug|Any CPU
		{283DE41B-CC0E-449E-9A27-EBCE61B59051}.Debug|ARM.Deploy.0 = Debug|Any CPU
		{283DE41B-CC0E-449E-9A27-EBCE61B59051}.Debug|iPhone.ActiveCfg = Debug|Any CPU
		{283DE41B-CC0E-449E-9A27-EBCE61B59051}.Debug|iPhone.Build.0 = Debug|Any CPU
		{283DE41B-CC0E-449E-9A27-EBCE61B59051}.Debug|iPhone.Deploy.0 = Debug|Any CPU
		{283DE41B-CC0E-449E-9A27-EBCE61B59051}.Debug|iPhoneSimulator.ActiveCfg = Debug|Any CPU
		{283DE41B-CC0E-449E-9A27-EBCE61B59051}.Debug|iPhoneSimulator.Build.0 = Debug|Any CPU
		{283DE41B-CC0E-449E-9A27-EBCE61B59051}.Debug|iPhoneSimulator.Deploy.0 = Debug|Any CPU
		{283DE41B-CC0E-449E-9A27-EBCE61B59051}.Debug|x64.ActiveCfg = Debug|Any CPU
		{283DE41B-CC0E-449E-9A27-EBCE61B59051}.Debug|x64.Build.0 = Debug|Any CPU
		{283DE41B-CC0E-449E-9A27-EBCE61B59051}.Debug|x64.Deploy.0 = Debug|Any CPU
		{283DE41B-CC0E-449E-9A27-EBCE61B59051}.Debug|x86.ActiveCfg = Debug|Any CPU
		{283DE41B-CC0E-449E-9A27-EBCE61B59051}.Debug|x86.Build.0 = Debug|Any CPU
		{283DE41B-CC0E-449E-9A27-EBCE61B59051}.Debug|x86.Deploy.0 = Debug|Any CPU
		{283DE41B-CC0E-449E-9A27-EBCE61B59051}.Release|Any CPU.ActiveCfg = Release|Any CPU
		{283DE41B-CC0E-449E-9A27-EBCE61B59051}.Release|Any CPU.Build.0 = Release|Any CPU
		{283DE41B-CC0E-449E-9A27-EBCE61B59051}.Release|Any CPU.Deploy.0 = Release|Any CPU
		{283DE41B-CC0E-449E-9A27-EBCE61B59051}.Release|ARM.ActiveCfg = Release|Any CPU
		{283DE41B-CC0E-449E-9A27-EBCE61B59051}.Release|ARM.Build.0 = Release|Any CPU
		{283DE41B-CC0E-449E-9A27-EBCE61B59051}.Release|ARM.Deploy.0 = Release|Any CPU
		{283DE41B-CC0E-449E-9A27-EBCE61B59051}.Release|iPhone.ActiveCfg = Release|Any CPU
		{283DE41B-CC0E-449E-9A27-EBCE61B59051}.Release|iPhone.Build.0 = Release|Any CPU
		{283DE41B-CC0E-449E-9A27-EBCE61B59051}.Release|iPhone.Deploy.0 = Release|Any CPU
		{283DE41B-CC0E-449E-9A27-EBCE61B59051}.Release|iPhoneSimulator.ActiveCfg = Release|Any CPU
		{283DE41B-CC0E-449E-9A27-EBCE61B59051}.Release|iPhoneSimulator.Build.0 = Release|Any CPU
		{283DE41B-CC0E-449E-9A27-EBCE61B59051}.Release|iPhoneSimulator.Deploy.0 = Release|Any CPU
		{283DE41B-CC0E-449E-9A27-EBCE61B59051}.Release|x64.ActiveCfg = Release|Any CPU
		{283DE41B-CC0E-449E-9A27-EBCE61B59051}.Release|x64.Build.0 = Release|Any CPU
		{283DE41B-CC0E-449E-9A27-EBCE61B59051}.Release|x64.Deploy.0 = Release|Any CPU
		{283DE41B-CC0E-449E-9A27-EBCE61B59051}.Release|x86.ActiveCfg = Release|Any CPU
		{283DE41B-CC0E-449E-9A27-EBCE61B59051}.Release|x86.Build.0 = Release|Any CPU
		{283DE41B-CC0E-449E-9A27-EBCE61B59051}.Release|x86.Deploy.0 = Release|Any CPU
		{84922573-910C-4782-92EB-6D0B327B0849}.Ad-Hoc|Any CPU.ActiveCfg = Ad-Hoc|iPhone
		{84922573-910C-4782-92EB-6D0B327B0849}.Ad-Hoc|ARM.ActiveCfg = Ad-Hoc|iPhone
		{84922573-910C-4782-92EB-6D0B327B0849}.Ad-Hoc|iPhone.ActiveCfg = Ad-Hoc|iPhone
		{84922573-910C-4782-92EB-6D0B327B0849}.Ad-Hoc|iPhone.Build.0 = Ad-Hoc|iPhone
		{84922573-910C-4782-92EB-6D0B327B0849}.Ad-Hoc|iPhoneSimulator.ActiveCfg = Ad-Hoc|iPhoneSimulator
		{84922573-910C-4782-92EB-6D0B327B0849}.Ad-Hoc|iPhoneSimulator.Build.0 = Ad-Hoc|iPhoneSimulator
		{84922573-910C-4782-92EB-6D0B327B0849}.Ad-Hoc|x64.ActiveCfg = Ad-Hoc|iPhone
		{84922573-910C-4782-92EB-6D0B327B0849}.Ad-Hoc|x86.ActiveCfg = Ad-Hoc|iPhone
		{84922573-910C-4782-92EB-6D0B327B0849}.AppStore|Any CPU.ActiveCfg = AppStore|iPhone
		{84922573-910C-4782-92EB-6D0B327B0849}.AppStore|ARM.ActiveCfg = AppStore|iPhone
		{84922573-910C-4782-92EB-6D0B327B0849}.AppStore|iPhone.ActiveCfg = AppStore|iPhone
		{84922573-910C-4782-92EB-6D0B327B0849}.AppStore|iPhone.Build.0 = AppStore|iPhone
		{84922573-910C-4782-92EB-6D0B327B0849}.AppStore|iPhoneSimulator.ActiveCfg = AppStore|iPhoneSimulator
		{84922573-910C-4782-92EB-6D0B327B0849}.AppStore|iPhoneSimulator.Build.0 = AppStore|iPhoneSimulator
		{84922573-910C-4782-92EB-6D0B327B0849}.AppStore|x64.ActiveCfg = AppStore|iPhone
		{84922573-910C-4782-92EB-6D0B327B0849}.AppStore|x86.ActiveCfg = AppStore|iPhone
		{84922573-910C-4782-92EB-6D0B327B0849}.Debug|Any CPU.ActiveCfg = Debug|iPhone
		{84922573-910C-4782-92EB-6D0B327B0849}.Debug|ARM.ActiveCfg = Debug|iPhone
		{84922573-910C-4782-92EB-6D0B327B0849}.Debug|iPhone.ActiveCfg = Debug|iPhone
		{84922573-910C-4782-92EB-6D0B327B0849}.Debug|iPhone.Build.0 = Debug|iPhone
		{84922573-910C-4782-92EB-6D0B327B0849}.Debug|iPhoneSimulator.ActiveCfg = Debug|iPhoneSimulator
		{84922573-910C-4782-92EB-6D0B327B0849}.Debug|iPhoneSimulator.Build.0 = Debug|iPhoneSimulator
		{84922573-910C-4782-92EB-6D0B327B0849}.Debug|x64.ActiveCfg = Debug|iPhone
		{84922573-910C-4782-92EB-6D0B327B0849}.Debug|x86.ActiveCfg = Debug|iPhone
		{84922573-910C-4782-92EB-6D0B327B0849}.Release|Any CPU.ActiveCfg = Release|iPhone
		{84922573-910C-4782-92EB-6D0B327B0849}.Release|ARM.ActiveCfg = Release|iPhone
		{84922573-910C-4782-92EB-6D0B327B0849}.Release|iPhone.ActiveCfg = Release|iPhone
		{84922573-910C-4782-92EB-6D0B327B0849}.Release|iPhone.Build.0 = Release|iPhone
		{84922573-910C-4782-92EB-6D0B327B0849}.Release|iPhoneSimulator.ActiveCfg = Release|iPhoneSimulator
		{84922573-910C-4782-92EB-6D0B327B0849}.Release|iPhoneSimulator.Build.0 = Release|iPhoneSimulator
		{84922573-910C-4782-92EB-6D0B327B0849}.Release|x64.ActiveCfg = Release|iPhone
		{84922573-910C-4782-92EB-6D0B327B0849}.Release|x86.ActiveCfg = Release|iPhone
		{13635EF5-C00F-4853-8D06-D6EFB287964C}.Ad-Hoc|Any CPU.ActiveCfg = Release|Any CPU
		{13635EF5-C00F-4853-8D06-D6EFB287964C}.Ad-Hoc|Any CPU.Build.0 = Release|Any CPU
		{13635EF5-C00F-4853-8D06-D6EFB287964C}.Ad-Hoc|Any CPU.Deploy.0 = Release|Any CPU
		{13635EF5-C00F-4853-8D06-D6EFB287964C}.Ad-Hoc|ARM.ActiveCfg = Release|ARM
		{13635EF5-C00F-4853-8D06-D6EFB287964C}.Ad-Hoc|ARM.Build.0 = Release|ARM
		{13635EF5-C00F-4853-8D06-D6EFB287964C}.Ad-Hoc|ARM.Deploy.0 = Release|ARM
		{13635EF5-C00F-4853-8D06-D6EFB287964C}.Ad-Hoc|iPhone.ActiveCfg = Release|Any CPU
		{13635EF5-C00F-4853-8D06-D6EFB287964C}.Ad-Hoc|iPhone.Build.0 = Release|Any CPU
		{13635EF5-C00F-4853-8D06-D6EFB287964C}.Ad-Hoc|iPhone.Deploy.0 = Release|Any CPU
		{13635EF5-C00F-4853-8D06-D6EFB287964C}.Ad-Hoc|iPhoneSimulator.ActiveCfg = Release|Any CPU
		{13635EF5-C00F-4853-8D06-D6EFB287964C}.Ad-Hoc|iPhoneSimulator.Build.0 = Release|Any CPU
		{13635EF5-C00F-4853-8D06-D6EFB287964C}.Ad-Hoc|iPhoneSimulator.Deploy.0 = Release|Any CPU
		{13635EF5-C00F-4853-8D06-D6EFB287964C}.Ad-Hoc|x64.ActiveCfg = Release|Any CPU
		{13635EF5-C00F-4853-8D06-D6EFB287964C}.Ad-Hoc|x64.Build.0 = Release|Any CPU
		{13635EF5-C00F-4853-8D06-D6EFB287964C}.Ad-Hoc|x64.Deploy.0 = Release|Any CPU
		{13635EF5-C00F-4853-8D06-D6EFB287964C}.Ad-Hoc|x86.ActiveCfg = Release|x86
		{13635EF5-C00F-4853-8D06-D6EFB287964C}.Ad-Hoc|x86.Build.0 = Release|x86
		{13635EF5-C00F-4853-8D06-D6EFB287964C}.Ad-Hoc|x86.Deploy.0 = Release|x86
		{13635EF5-C00F-4853-8D06-D6EFB287964C}.AppStore|Any CPU.ActiveCfg = Release|Any CPU
		{13635EF5-C00F-4853-8D06-D6EFB287964C}.AppStore|Any CPU.Build.0 = Release|Any CPU
		{13635EF5-C00F-4853-8D06-D6EFB287964C}.AppStore|Any CPU.Deploy.0 = Release|Any CPU
		{13635EF5-C00F-4853-8D06-D6EFB287964C}.AppStore|ARM.ActiveCfg = Release|ARM
		{13635EF5-C00F-4853-8D06-D6EFB287964C}.AppStore|ARM.Build.0 = Release|ARM
		{13635EF5-C00F-4853-8D06-D6EFB287964C}.AppStore|ARM.Deploy.0 = Release|ARM
		{13635EF5-C00F-4853-8D06-D6EFB287964C}.AppStore|iPhone.ActiveCfg = Release|Any CPU
		{13635EF5-C00F-4853-8D06-D6EFB287964C}.AppStore|iPhone.Build.0 = Release|Any CPU
		{13635EF5-C00F-4853-8D06-D6EFB287964C}.AppStore|iPhone.Deploy.0 = Release|Any CPU
		{13635EF5-C00F-4853-8D06-D6EFB287964C}.AppStore|iPhoneSimulator.ActiveCfg = Release|Any CPU
		{13635EF5-C00F-4853-8D06-D6EFB287964C}.AppStore|iPhoneSimulator.Build.0 = Release|Any CPU
		{13635EF5-C00F-4853-8D06-D6EFB287964C}.AppStore|iPhoneSimulator.Deploy.0 = Release|Any CPU
		{13635EF5-C00F-4853-8D06-D6EFB287964C}.AppStore|x64.ActiveCfg = Release|Any CPU
		{13635EF5-C00F-4853-8D06-D6EFB287964C}.AppStore|x64.Build.0 = Release|Any CPU
		{13635EF5-C00F-4853-8D06-D6EFB287964C}.AppStore|x64.Deploy.0 = Release|Any CPU
		{13635EF5-C00F-4853-8D06-D6EFB287964C}.AppStore|x86.ActiveCfg = Release|x86
		{13635EF5-C00F-4853-8D06-D6EFB287964C}.AppStore|x86.Build.0 = Release|x86
		{13635EF5-C00F-4853-8D06-D6EFB287964C}.AppStore|x86.Deploy.0 = Release|x86
		{13635EF5-C00F-4853-8D06-D6EFB287964C}.Debug|Any CPU.ActiveCfg = Debug|Any CPU
		{13635EF5-C00F-4853-8D06-D6EFB287964C}.Debug|Any CPU.Build.0 = Debug|Any CPU
		{13635EF5-C00F-4853-8D06-D6EFB287964C}.Debug|Any CPU.Deploy.0 = Debug|Any CPU
		{13635EF5-C00F-4853-8D06-D6EFB287964C}.Debug|ARM.ActiveCfg = Debug|ARM
		{13635EF5-C00F-4853-8D06-D6EFB287964C}.Debug|ARM.Build.0 = Debug|ARM
		{13635EF5-C00F-4853-8D06-D6EFB287964C}.Debug|ARM.Deploy.0 = Debug|ARM
		{13635EF5-C00F-4853-8D06-D6EFB287964C}.Debug|iPhone.ActiveCfg = Debug|Any CPU
		{13635EF5-C00F-4853-8D06-D6EFB287964C}.Debug|iPhone.Build.0 = Debug|Any CPU
		{13635EF5-C00F-4853-8D06-D6EFB287964C}.Debug|iPhone.Deploy.0 = Debug|Any CPU
		{13635EF5-C00F-4853-8D06-D6EFB287964C}.Debug|iPhoneSimulator.ActiveCfg = Debug|Any CPU
		{13635EF5-C00F-4853-8D06-D6EFB287964C}.Debug|iPhoneSimulator.Build.0 = Debug|Any CPU
		{13635EF5-C00F-4853-8D06-D6EFB287964C}.Debug|iPhoneSimulator.Deploy.0 = Debug|Any CPU
		{13635EF5-C00F-4853-8D06-D6EFB287964C}.Debug|x64.ActiveCfg = Debug|Any CPU
		{13635EF5-C00F-4853-8D06-D6EFB287964C}.Debug|x64.Build.0 = Debug|Any CPU
		{13635EF5-C00F-4853-8D06-D6EFB287964C}.Debug|x64.Deploy.0 = Debug|Any CPU
		{13635EF5-C00F-4853-8D06-D6EFB287964C}.Debug|x86.ActiveCfg = Debug|x86
		{13635EF5-C00F-4853-8D06-D6EFB287964C}.Debug|x86.Build.0 = Debug|x86
		{13635EF5-C00F-4853-8D06-D6EFB287964C}.Debug|x86.Deploy.0 = Debug|x86
		{13635EF5-C00F-4853-8D06-D6EFB287964C}.Release|Any CPU.ActiveCfg = Release|Any CPU
		{13635EF5-C00F-4853-8D06-D6EFB287964C}.Release|Any CPU.Build.0 = Release|Any CPU
		{13635EF5-C00F-4853-8D06-D6EFB287964C}.Release|Any CPU.Deploy.0 = Release|Any CPU
		{13635EF5-C00F-4853-8D06-D6EFB287964C}.Release|ARM.ActiveCfg = Release|ARM
		{13635EF5-C00F-4853-8D06-D6EFB287964C}.Release|ARM.Build.0 = Release|ARM
		{13635EF5-C00F-4853-8D06-D6EFB287964C}.Release|ARM.Deploy.0 = Release|ARM
		{13635EF5-C00F-4853-8D06-D6EFB287964C}.Release|iPhone.ActiveCfg = Release|Any CPU
		{13635EF5-C00F-4853-8D06-D6EFB287964C}.Release|iPhone.Build.0 = Release|Any CPU
		{13635EF5-C00F-4853-8D06-D6EFB287964C}.Release|iPhone.Deploy.0 = Release|Any CPU
		{13635EF5-C00F-4853-8D06-D6EFB287964C}.Release|iPhoneSimulator.ActiveCfg = Release|Any CPU
		{13635EF5-C00F-4853-8D06-D6EFB287964C}.Release|iPhoneSimulator.Build.0 = Release|Any CPU
		{13635EF5-C00F-4853-8D06-D6EFB287964C}.Release|iPhoneSimulator.Deploy.0 = Release|Any CPU
		{13635EF5-C00F-4853-8D06-D6EFB287964C}.Release|x64.ActiveCfg = Release|Any CPU
		{13635EF5-C00F-4853-8D06-D6EFB287964C}.Release|x64.Build.0 = Release|Any CPU
		{13635EF5-C00F-4853-8D06-D6EFB287964C}.Release|x64.Deploy.0 = Release|Any CPU
		{13635EF5-C00F-4853-8D06-D6EFB287964C}.Release|x86.ActiveCfg = Release|x86
		{13635EF5-C00F-4853-8D06-D6EFB287964C}.Release|x86.Build.0 = Release|x86
		{13635EF5-C00F-4853-8D06-D6EFB287964C}.Release|x86.Deploy.0 = Release|x86
		{4B8916A1-FE20-45DE-8A7D-D80657A7C620}.Ad-Hoc|Any CPU.ActiveCfg = Release|Any CPU
		{4B8916A1-FE20-45DE-8A7D-D80657A7C620}.Ad-Hoc|Any CPU.Build.0 = Release|Any CPU
		{4B8916A1-FE20-45DE-8A7D-D80657A7C620}.Ad-Hoc|Any CPU.Deploy.0 = Release|Any CPU
		{4B8916A1-FE20-45DE-8A7D-D80657A7C620}.Ad-Hoc|ARM.ActiveCfg = Release|ARM
		{4B8916A1-FE20-45DE-8A7D-D80657A7C620}.Ad-Hoc|ARM.Build.0 = Release|ARM
		{4B8916A1-FE20-45DE-8A7D-D80657A7C620}.Ad-Hoc|ARM.Deploy.0 = Release|ARM
		{4B8916A1-FE20-45DE-8A7D-D80657A7C620}.Ad-Hoc|iPhone.ActiveCfg = Release|Any CPU
		{4B8916A1-FE20-45DE-8A7D-D80657A7C620}.Ad-Hoc|iPhone.Build.0 = Release|Any CPU
		{4B8916A1-FE20-45DE-8A7D-D80657A7C620}.Ad-Hoc|iPhone.Deploy.0 = Release|Any CPU
		{4B8916A1-FE20-45DE-8A7D-D80657A7C620}.Ad-Hoc|iPhoneSimulator.ActiveCfg = Release|Any CPU
		{4B8916A1-FE20-45DE-8A7D-D80657A7C620}.Ad-Hoc|iPhoneSimulator.Build.0 = Release|Any CPU
		{4B8916A1-FE20-45DE-8A7D-D80657A7C620}.Ad-Hoc|iPhoneSimulator.Deploy.0 = Release|Any CPU
		{4B8916A1-FE20-45DE-8A7D-D80657A7C620}.Ad-Hoc|x64.ActiveCfg = Release|x64
		{4B8916A1-FE20-45DE-8A7D-D80657A7C620}.Ad-Hoc|x64.Build.0 = Release|x64
		{4B8916A1-FE20-45DE-8A7D-D80657A7C620}.Ad-Hoc|x64.Deploy.0 = Release|x64
		{4B8916A1-FE20-45DE-8A7D-D80657A7C620}.Ad-Hoc|x86.ActiveCfg = Release|x86
		{4B8916A1-FE20-45DE-8A7D-D80657A7C620}.Ad-Hoc|x86.Build.0 = Release|x86
		{4B8916A1-FE20-45DE-8A7D-D80657A7C620}.Ad-Hoc|x86.Deploy.0 = Release|x86
		{4B8916A1-FE20-45DE-8A7D-D80657A7C620}.AppStore|Any CPU.ActiveCfg = Release|Any CPU
		{4B8916A1-FE20-45DE-8A7D-D80657A7C620}.AppStore|Any CPU.Build.0 = Release|Any CPU
		{4B8916A1-FE20-45DE-8A7D-D80657A7C620}.AppStore|Any CPU.Deploy.0 = Release|Any CPU
		{4B8916A1-FE20-45DE-8A7D-D80657A7C620}.AppStore|ARM.ActiveCfg = Release|ARM
		{4B8916A1-FE20-45DE-8A7D-D80657A7C620}.AppStore|ARM.Build.0 = Release|ARM
		{4B8916A1-FE20-45DE-8A7D-D80657A7C620}.AppStore|ARM.Deploy.0 = Release|ARM
		{4B8916A1-FE20-45DE-8A7D-D80657A7C620}.AppStore|iPhone.ActiveCfg = Release|Any CPU
		{4B8916A1-FE20-45DE-8A7D-D80657A7C620}.AppStore|iPhone.Build.0 = Release|Any CPU
		{4B8916A1-FE20-45DE-8A7D-D80657A7C620}.AppStore|iPhone.Deploy.0 = Release|Any CPU
		{4B8916A1-FE20-45DE-8A7D-D80657A7C620}.AppStore|iPhoneSimulator.ActiveCfg = Release|Any CPU
		{4B8916A1-FE20-45DE-8A7D-D80657A7C620}.AppStore|iPhoneSimulator.Build.0 = Release|Any CPU
		{4B8916A1-FE20-45DE-8A7D-D80657A7C620}.AppStore|iPhoneSimulator.Deploy.0 = Release|Any CPU
		{4B8916A1-FE20-45DE-8A7D-D80657A7C620}.AppStore|x64.ActiveCfg = Release|x64
		{4B8916A1-FE20-45DE-8A7D-D80657A7C620}.AppStore|x64.Build.0 = Release|x64
		{4B8916A1-FE20-45DE-8A7D-D80657A7C620}.AppStore|x64.Deploy.0 = Release|x64
		{4B8916A1-FE20-45DE-8A7D-D80657A7C620}.AppStore|x86.ActiveCfg = Release|x86
		{4B8916A1-FE20-45DE-8A7D-D80657A7C620}.AppStore|x86.Build.0 = Release|x86
		{4B8916A1-FE20-45DE-8A7D-D80657A7C620}.AppStore|x86.Deploy.0 = Release|x86
		{4B8916A1-FE20-45DE-8A7D-D80657A7C620}.Debug|Any CPU.ActiveCfg = Debug|Any CPU
		{4B8916A1-FE20-45DE-8A7D-D80657A7C620}.Debug|Any CPU.Build.0 = Debug|Any CPU
		{4B8916A1-FE20-45DE-8A7D-D80657A7C620}.Debug|Any CPU.Deploy.0 = Debug|Any CPU
		{4B8916A1-FE20-45DE-8A7D-D80657A7C620}.Debug|ARM.ActiveCfg = Debug|ARM
		{4B8916A1-FE20-45DE-8A7D-D80657A7C620}.Debug|ARM.Build.0 = Debug|ARM
		{4B8916A1-FE20-45DE-8A7D-D80657A7C620}.Debug|ARM.Deploy.0 = Debug|ARM
		{4B8916A1-FE20-45DE-8A7D-D80657A7C620}.Debug|iPhone.ActiveCfg = Debug|Any CPU
		{4B8916A1-FE20-45DE-8A7D-D80657A7C620}.Debug|iPhone.Build.0 = Debug|Any CPU
		{4B8916A1-FE20-45DE-8A7D-D80657A7C620}.Debug|iPhone.Deploy.0 = Debug|Any CPU
		{4B8916A1-FE20-45DE-8A7D-D80657A7C620}.Debug|iPhoneSimulator.ActiveCfg = Debug|Any CPU
		{4B8916A1-FE20-45DE-8A7D-D80657A7C620}.Debug|iPhoneSimulator.Build.0 = Debug|Any CPU
		{4B8916A1-FE20-45DE-8A7D-D80657A7C620}.Debug|iPhoneSimulator.Deploy.0 = Debug|Any CPU
		{4B8916A1-FE20-45DE-8A7D-D80657A7C620}.Debug|x64.ActiveCfg = Debug|x64
		{4B8916A1-FE20-45DE-8A7D-D80657A7C620}.Debug|x64.Build.0 = Debug|x64
		{4B8916A1-FE20-45DE-8A7D-D80657A7C620}.Debug|x64.Deploy.0 = Debug|x64
		{4B8916A1-FE20-45DE-8A7D-D80657A7C620}.Debug|x86.ActiveCfg = Debug|x86
		{4B8916A1-FE20-45DE-8A7D-D80657A7C620}.Debug|x86.Build.0 = Debug|x86
		{4B8916A1-FE20-45DE-8A7D-D80657A7C620}.Debug|x86.Deploy.0 = Debug|x86
		{4B8916A1-FE20-45DE-8A7D-D80657A7C620}.Release|Any CPU.ActiveCfg = Release|Any CPU
		{4B8916A1-FE20-45DE-8A7D-D80657A7C620}.Release|Any CPU.Build.0 = Release|Any CPU
		{4B8916A1-FE20-45DE-8A7D-D80657A7C620}.Release|Any CPU.Deploy.0 = Release|Any CPU
		{4B8916A1-FE20-45DE-8A7D-D80657A7C620}.Release|ARM.ActiveCfg = Release|ARM
		{4B8916A1-FE20-45DE-8A7D-D80657A7C620}.Release|ARM.Build.0 = Release|ARM
		{4B8916A1-FE20-45DE-8A7D-D80657A7C620}.Release|ARM.Deploy.0 = Release|ARM
		{4B8916A1-FE20-45DE-8A7D-D80657A7C620}.Release|iPhone.ActiveCfg = Release|Any CPU
		{4B8916A1-FE20-45DE-8A7D-D80657A7C620}.Release|iPhone.Build.0 = Release|Any CPU
		{4B8916A1-FE20-45DE-8A7D-D80657A7C620}.Release|iPhone.Deploy.0 = Release|Any CPU
		{4B8916A1-FE20-45DE-8A7D-D80657A7C620}.Release|iPhoneSimulator.ActiveCfg = Release|Any CPU
		{4B8916A1-FE20-45DE-8A7D-D80657A7C620}.Release|iPhoneSimulator.Build.0 = Release|Any CPU
		{4B8916A1-FE20-45DE-8A7D-D80657A7C620}.Release|iPhoneSimulator.Deploy.0 = Release|Any CPU
		{4B8916A1-FE20-45DE-8A7D-D80657A7C620}.Release|x64.ActiveCfg = Release|x64
		{4B8916A1-FE20-45DE-8A7D-D80657A7C620}.Release|x64.Build.0 = Release|x64
		{4B8916A1-FE20-45DE-8A7D-D80657A7C620}.Release|x64.Deploy.0 = Release|x64
		{4B8916A1-FE20-45DE-8A7D-D80657A7C620}.Release|x86.ActiveCfg = Release|x86
		{4B8916A1-FE20-45DE-8A7D-D80657A7C620}.Release|x86.Build.0 = Release|x86
		{4B8916A1-FE20-45DE-8A7D-D80657A7C620}.Release|x86.Deploy.0 = Release|x86
	EndGlobalSection
	GlobalSection(SolutionProperties) = preSolution
		HideSolutionNode = FALSE
	EndGlobalSection
EndGlobal
